
Microsoft Visual Studio Solution File, Format Version 12.00
# Visual Studio Version 17
VisualStudioVersion = 17.11.35222.181
MinimumVisualStudioVersion = 10.0.40219.1
Project("{FAE04EC0-301F-11D3-BF4B-00C04F79EFBC}") = "CRUDBiblioteca", "CRUDBiblioteca.csproj", "{2725D2F2-DB4E-497F-8F24-8EDD03E01082}"
EndProject
Global
	GlobalSection(SolutionConfigurationPlatforms) = preSolution
		Debug|Any CPU = Debug|Any CPU
		Release|Any CPU = Release|Any CPU
	EndGlobalSection
	GlobalSection(ProjectConfigurationPlatforms) = postSolution
		{2725D2F2-DB4E-497F-8F24-8EDD03E01082}.Debug|Any CPU.ActiveCfg = Debug|Any CPU
		{2725D2F2-DB4E-497F-8F24-8EDD03E01082}.Debug|Any CPU.Build.0 = Debug|Any CPU
		{2725D2F2-DB4E-497F-8F24-8EDD03E01082}.Release|Any CPU.ActiveCfg = Release|Any CPU
		{2725D2F2-DB4E-497F-8F24-8EDD03E01082}.Release|Any CPU.Build.0 = Release|Any CPU
	EndGlobalSection
	GlobalSection(SolutionProperties) = preSolution
		HideSolutionNode = FALSE
	EndGlobalSection
	GlobalSection(ExtensibilityGlobals) = postSolution
		SolutionGuid = {A2C00227-E554-4E03-A320-8F90BE583FFA}
	EndGlobalSection
EndGlobal
